
Microsoft Visual Studio Solution File, Format Version 12.00
Project("{FAE04EC0-301F-11D3-BF4B-00C04F79EFBC}") = "Domain", "Domain\Domain.csproj", "{D5074EC8-6889-475B-9D52-C6E7CE5F3D3B}"
EndProject
Project("{FAE04EC0-301F-11D3-BF4B-00C04F79EFBC}") = "Application", "Application\Application.csproj", "{E99FFE87-28F9-48E6-A4D2-BC6D1C20875C}"
EndProject
Project("{FAE04EC0-301F-11D3-BF4B-00C04F79EFBC}") = "Infrastructure", "Infrastructure\Infrastructure.csproj", "{1E912B58-557D-44EA-A94A-A39743C4F6E3}"
EndProject
Project("{FAE04EC0-301F-11D3-BF4B-00C04F79EFBC}") = "WebApi", "WebApi\WebApi.csproj", "{EFEC8DE5-C09D-4B2A-8B19-B70D02163126}"
EndProject
Project("{FAE04EC0-301F-11D3-BF4B-00C04F79EFBC}") = "UnitTests", "UnitTests\UnitTests.csproj", "{B7826B6A-D458-4517-86B6-3A35FF6A0A6F}"
EndProject
Project("{FAE04EC0-301F-11D3-BF4B-00C04F79EFBC}") = "IntegrationTests", "IntegrationTests\IntegrationTests.csproj", "{C8AD8392-92AE-4040-95DF-1032B37B8168}"
EndProject
Project("{2150E333-8FDC-42A3-9474-1A3956D46DE8}") = "src", "src", "{6E48E0E9-12E0-4942-852C-5A9BCB812AE2}"
EndProject
Project("{2150E333-8FDC-42A3-9474-1A3956D46DE8}") = "tests", "tests", "{4423579B-2649-4439-AC8F-C46DEF7129A1}"
EndProject
Global
	GlobalSection(SolutionConfigurationPlatforms) = preSolution
		Debug|Any CPU = Debug|Any CPU
		Debug|x64 = Debug|x64
		Debug|x86 = Debug|x86
		Release|Any CPU = Release|Any CPU
		Release|x64 = Release|x64
		Release|x86 = Release|x86
	EndGlobalSection
	GlobalSection(ProjectConfigurationPlatforms) = postSolution
		{D5074EC8-6889-475B-9D52-C6E7CE5F3D3B}.Debug|Any CPU.ActiveCfg = Debug|Any CPU
		{D5074EC8-6889-475B-9D52-C6E7CE5F3D3B}.Debug|Any CPU.Build.0 = Debug|Any CPU
		{D5074EC8-6889-475B-9D52-C6E7CE5F3D3B}.Debug|x64.ActiveCfg = Debug|Any CPU
		{D5074EC8-6889-475B-9D52-C6E7CE5F3D3B}.Debug|x64.Build.0 = Debug|Any CPU
		{D5074EC8-6889-475B-9D52-C6E7CE5F3D3B}.Debug|x86.ActiveCfg = Debug|Any CPU
		{D5074EC8-6889-475B-9D52-C6E7CE5F3D3B}.Debug|x86.Build.0 = Debug|Any CPU
		{D5074EC8-6889-475B-9D52-C6E7CE5F3D3B}.Release|Any CPU.ActiveCfg = Release|Any CPU
		{D5074EC8-6889-475B-9D52-C6E7CE5F3D3B}.Release|Any CPU.Build.0 = Release|Any CPU
		{D5074EC8-6889-475B-9D52-C6E7CE5F3D3B}.Release|x64.ActiveCfg = Release|Any CPU
		{D5074EC8-6889-475B-9D52-C6E7CE5F3D3B}.Release|x64.Build.0 = Release|Any CPU
		{D5074EC8-6889-475B-9D52-C6E7CE5F3D3B}.Release|x86.ActiveCfg = Release|Any CPU
		{D5074EC8-6889-475B-9D52-C6E7CE5F3D3B}.Release|x86.Build.0 = Release|Any CPU
		{E99FFE87-28F9-48E6-A4D2-BC6D1C20875C}.Debug|Any CPU.ActiveCfg = Debug|Any CPU
		{E99FFE87-28F9-48E6-A4D2-BC6D1C20875C}.Debug|Any CPU.Build.0 = Debug|Any CPU
		{E99FFE87-28F9-48E6-A4D2-BC6D1C20875C}.Debug|x64.ActiveCfg = Debug|Any CPU
		{E99FFE87-28F9-48E6-A4D2-BC6D1C20875C}.Debug|x64.Build.0 = Debug|Any CPU
		{E99FFE87-28F9-48E6-A4D2-BC6D1C20875C}.Debug|x86.ActiveCfg = Debug|Any CPU
		{E99FFE87-28F9-48E6-A4D2-BC6D1C20875C}.Debug|x86.Build.0 = Debug|Any CPU
		{E99FFE87-28F9-48E6-A4D2-BC6D1C20875C}.Release|Any CPU.ActiveCfg = Release|Any CPU
		{E99FFE87-28F9-48E6-A4D2-BC6D1C20875C}.Release|Any CPU.Build.0 = Release|Any CPU
		{E99FFE87-28F9-48E6-A4D2-BC6D1C20875C}.Release|x64.ActiveCfg = Release|Any CPU
		{E99FFE87-28F9-48E6-A4D2-BC6D1C20875C}.Release|x64.Build.0 = Release|Any CPU
		{E99FFE87-28F9-48E6-A4D2-BC6D1C20875C}.Release|x86.ActiveCfg = Release|Any CPU
		{E99FFE87-28F9-48E6-A4D2-BC6D1C20875C}.Release|x86.Build.0 = Release|Any CPU
		{1E912B58-557D-44EA-A94A-A39743C4F6E3}.Debug|Any CPU.ActiveCfg = Debug|Any CPU
		{1E912B58-557D-44EA-A94A-A39743C4F6E3}.Debug|Any CPU.Build.0 = Debug|Any CPU
		{1E912B58-557D-44EA-A94A-A39743C4F6E3}.Debug|x64.ActiveCfg = Debug|Any CPU
		{1E912B58-557D-44EA-A94A-A39743C4F6E3}.Debug|x64.Build.0 = Debug|Any CPU
		{1E912B58-557D-44EA-A94A-A39743C4F6E3}.Debug|x86.ActiveCfg = Debug|Any CPU
		{1E912B58-557D-44EA-A94A-A39743C4F6E3}.Debug|x86.Build.0 = Debug|Any CPU
		{1E912B58-557D-44EA-A94A-A39743C4F6E3}.Release|Any CPU.ActiveCfg = Release|Any CPU
		{1E912B58-557D-44EA-A94A-A39743C4F6E3}.Release|Any CPU.Build.0 = Release|Any CPU
		{1E912B58-557D-44EA-A94A-A39743C4F6E3}.Release|x64.ActiveCfg = Release|Any CPU
		{1E912B58-557D-44EA-A94A-A39743C4F6E3}.Release|x64.Build.0 = Release|Any CPU
		{1E912B58-557D-44EA-A94A-A39743C4F6E3}.Release|x86.ActiveCfg = Release|Any CPU
		{1E912B58-557D-44EA-A94A-A39743C4F6E3}.Release|x86.Build.0 = Release|Any CPU
		{EFEC8DE5-C09D-4B2A-8B19-B70D02163126}.Debug|Any CPU.ActiveCfg = Debug|Any CPU
		{EFEC8DE5-C09D-4B2A-8B19-B70D02163126}.Debug|Any CPU.Build.0 = Debug|Any CPU
		{EFEC8DE5-C09D-4B2A-8B19-B70D02163126}.Debug|x64.ActiveCfg = Debug|Any CPU
		{EFEC8DE5-C09D-4B2A-8B19-B70D02163126}.Debug|x64.Build.0 = Debug|Any CPU
		{EFEC8DE5-C09D-4B2A-8B19-B70D02163126}.Debug|x86.ActiveCfg = Debug|Any CPU
		{EFEC8DE5-C09D-4B2A-8B19-B70D02163126}.Debug|x86.Build.0 = Debug|Any CPU
		{EFEC8DE5-C09D-4B2A-8B19-B70D02163126}.Release|Any CPU.ActiveCfg = Release|Any CPU
		{EFEC8DE5-C09D-4B2A-8B19-B70D02163126}.Release|Any CPU.Build.0 = Release|Any CPU
		{EFEC8DE5-C09D-4B2A-8B19-B70D02163126}.Release|x64.ActiveCfg = Release|Any CPU
		{EFEC8DE5-C09D-4B2A-8B19-B70D02163126}.Release|x64.Build.0 = Release|Any CPU
		{EFEC8DE5-C09D-4B2A-8B19-B70D02163126}.Release|x86.ActiveCfg = Release|Any CPU
		{EFEC8DE5-C09D-4B2A-8B19-B70D02163126}.Release|x86.Build.0 = Release|Any CPU
		{B7826B6A-D458-4517-86B6-3A35FF6A0A6F}.Debug|Any CPU.ActiveCfg = Debug|Any CPU
		{B7826B6A-D458-4517-86B6-3A35FF6A0A6F}.Debug|Any CPU.Build.0 = Debug|Any CPU
		{B7826B6A-D458-4517-86B6-3A35FF6A0A6F}.Debug|x64.ActiveCfg = Debug|Any CPU
		{B7826B6A-D458-4517-86B6-3A35FF6A0A6F}.Debug|x64.Build.0 = Debug|Any CPU
		{B7826B6A-D458-4517-86B6-3A35FF6A0A6F}.Debug|x86.ActiveCfg = Debug|Any CPU
		{B7826B6A-D458-4517-86B6-3A35FF6A0A6F}.Debug|x86.Build.0 = Debug|Any CPU
		{B7826B6A-D458-4517-86B6-3A35FF6A0A6F}.Release|Any CPU.ActiveCfg = Release|Any CPU
		{B7826B6A-D458-4517-86B6-3A35FF6A0A6F}.Release|Any CPU.Build.0 = Release|Any CPU
		{B7826B6A-D458-4517-86B6-3A35FF6A0A6F}.Release|x64.ActiveCfg = Release|Any CPU
		{B7826B6A-D458-4517-86B6-3A35FF6A0A6F}.Release|x64.Build.0 = Release|Any CPU
		{B7826B6A-D458-4517-86B6-3A35FF6A0A6F}.Release|x86.ActiveCfg = Release|Any CPU
		{B7826B6A-D458-4517-86B6-3A35FF6A0A6F}.Release|x86.Build.0 = Release|Any CPU
		{C8AD8392-92AE-4040-95DF-1032B37B8168}.Debug|Any CPU.ActiveCfg = Debug|Any CPU
		{C8AD8392-92AE-4040-95DF-1032B37B8168}.Debug|Any CPU.Build.0 = Debug|Any CPU
		{C8AD8392-92AE-4040-95DF-1032B37B8168}.Debug|x64.ActiveCfg = Debug|Any CPU
		{C8AD8392-92AE-4040-95DF-1032B37B8168}.Debug|x64.Build.0 = Debug|Any CPU
		{C8AD8392-92AE-4040-95DF-1032B37B8168}.Debug|x86.ActiveCfg = Debug|Any CPU
		{C8AD8392-92AE-4040-95DF-1032B37B8168}.Debug|x86.Build.0 = Debug|Any CPU
		{C8AD8392-92AE-4040-95DF-1032B37B8168}.Release|Any CPU.ActiveCfg = Release|Any CPU
		{C8AD8392-92AE-4040-95DF-1032B37B8168}.Release|Any CPU.Build.0 = Release|Any CPU
		{C8AD8392-92AE-4040-95DF-1032B37B8168}.Release|x64.ActiveCfg = Release|Any CPU
		{C8AD8392-92AE-4040-95DF-1032B37B8168}.Release|x64.Build.0 = Release|Any CPU
		{C8AD8392-92AE-4040-95DF-1032B37B8168}.Release|x86.ActiveCfg = Release|Any CPU
		{C8AD8392-92AE-4040-95DF-1032B37B8168}.Release|x86.Build.0 = Release|Any CPU
	EndGlobalSection
	GlobalSection(SolutionProperties) = preSolution
		HideSolutionNode = FALSE
	EndGlobalSection
	GlobalSection(NestedProjects) = preSolution
		{D5074EC8-6889-475B-9D52-C6E7CE5F3D3B} = {6E48E0E9-12E0-4942-852C-5A9BCB812AE2}
		{E99FFE87-28F9-48E6-A4D2-BC6D1C20875C} = {6E48E0E9-12E0-4942-852C-5A9BCB812AE2}
		{1E912B58-557D-44EA-A94A-A39743C4F6E3} = {6E48E0E9-12E0-4942-852C-5A9BCB812AE2}
		{EFEC8DE5-C09D-4B2A-8B19-B70D02163126} = {6E48E0E9-12E0-4942-852C-5A9BCB812AE2}
		{B7826B6A-D458-4517-86B6-3A35FF6A0A6F} = {4423579B-2649-4439-AC8F-C46DEF7129A1}
		{C8AD8392-92AE-4040-95DF-1032B37B8168} = {4423579B-2649-4439-AC8F-C46DEF7129A1}
	EndGlobalSection
EndGlobal
